
Microsoft Visual Studio Solution File, Format Version 12.00
# Visual Studio 2017
Project("{FAE04EC0-301F-11D3-BF4B-00C04F79EFBC}") = "cenario da corrida.Plugins", "cenario da corrida.Plugins.csproj", "{6E2DE571-9B54-F41B-1789-82C2B789CAF0}"
EndProject
Project("{FAE04EC0-301F-11D3-BF4B-00C04F79EFBC}") = "cenario da corrida", "cenario da corrida.csproj", "{486D7F4F-6B23-DD2F-6076-D8866C9A0D56}"
EndProject
Project("{FAE04EC0-301F-11D3-BF4B-00C04F79EFBC}") = "cenario da corrida.Editor.Plugins", "cenario da corrida.Editor.Plugins.csproj", "{9A02DE65-4BBA-0586-E9F7-10BFADE997E5}"
EndProject
Global
	GlobalSection(SolutionConfigurationPlatforms) = preSolution
		Debug|Any CPU = Debug|Any CPU
		Release|Any CPU = Release|Any CPU
	EndGlobalSection
	GlobalSection(ProjectConfigurationPlatforms) = postSolution
		{6E2DE571-9B54-F41B-1789-82C2B789CAF0}.Debug|Any CPU.ActiveCfg = Debug|Any CPU
		{6E2DE571-9B54-F41B-1789-82C2B789CAF0}.Debug|Any CPU.Build.0 = Debug|Any CPU
		{6E2DE571-9B54-F41B-1789-82C2B789CAF0}.Release|Any CPU.ActiveCfg = Release|Any CPU
		{6E2DE571-9B54-F41B-1789-82C2B789CAF0}.Release|Any CPU.Build.0 = Release|Any CPU
		{486D7F4F-6B23-DD2F-6076-D8866C9A0D56}.Debug|Any CPU.ActiveCfg = Debug|Any CPU
		{486D7F4F-6B23-DD2F-6076-D8866C9A0D56}.Debug|Any CPU.Build.0 = Debug|Any CPU
		{486D7F4F-6B23-DD2F-6076-D8866C9A0D56}.Release|Any CPU.ActiveCfg = Release|Any CPU
		{486D7F4F-6B23-DD2F-6076-D8866C9A0D56}.Release|Any CPU.Build.0 = Release|Any CPU
		{9A02DE65-4BBA-0586-E9F7-10BFADE997E5}.Debug|Any CPU.ActiveCfg = Debug|Any CPU
		{9A02DE65-4BBA-0586-E9F7-10BFADE997E5}.Debug|Any CPU.Build.0 = Debug|Any CPU
		{9A02DE65-4BBA-0586-E9F7-10BFADE997E5}.Release|Any CPU.ActiveCfg = Release|Any CPU
		{9A02DE65-4BBA-0586-E9F7-10BFADE997E5}.Release|Any CPU.Build.0 = Release|Any CPU
	EndGlobalSection
	GlobalSection(SolutionProperties) = preSolution
		HideSolutionNode = FALSE
	EndGlobalSection
EndGlobal
